{
  "version": 2,
  "packages": {
    "nph": {
      "version": "0.6.1",
      "vcsRevision": "c6e03162dc2820d3088660f644818d7040e95791",
      "url": "https://github.com/arnetheduck/nph",
      "downloadMethod": "git",
      "dependencies": [],
      "checksums": {
        "sha1": "fc1d5e82a879b8c7e96c4e3379156fa7006cdce7"
      }
    }
  },
  "tasks": {}
}
